
Microsoft Visual Studio Solution File, Format Version 12.00
# Visual Studio Version 16
VisualStudioVersion = 16.0.31005.135
MinimumVisualStudioVersion = 10.0.40219.1
Project("{FAE04EC0-301F-11D3-BF4B-00C04F79EFBC}") = "Teste_VegaTech", "Teste_VegaTech\Teste_VegaTech.csproj", "{46BDD9B0-A6BF-455D-8FC4-F653C5AF6865}"
EndProject
Global
	GlobalSection(SolutionConfigurationPlatforms) = preSolution
		Debug|Any CPU = Debug|Any CPU
		Release|Any CPU = Release|Any CPU
	EndGlobalSection
	GlobalSection(ProjectConfigurationPlatforms) = postSolution
		{46BDD9B0-A6BF-455D-8FC4-F653C5AF6865}.Debug|Any CPU.ActiveCfg = Debug|Any CPU
		{46BDD9B0-A6BF-455D-8FC4-F653C5AF6865}.Debug|Any CPU.Build.0 = Debug|Any CPU
		{46BDD9B0-A6BF-455D-8FC4-F653C5AF6865}.Release|Any CPU.ActiveCfg = Release|Any CPU
		{46BDD9B0-A6BF-455D-8FC4-F653C5AF6865}.Release|Any CPU.Build.0 = Release|Any CPU
	EndGlobalSection
	GlobalSection(SolutionProperties) = preSolution
		HideSolutionNode = FALSE
	EndGlobalSection
	GlobalSection(ExtensibilityGlobals) = postSolution
		SolutionGuid = {1EA32AB5-CD21-43D4-9F6B-BD6E8E371F32}
	EndGlobalSection
EndGlobal
